{
  "name": "my-react-app",
  "version": "0.1.0",
  "lockfileVersion": 3,
  "requires": true,
  "packages": {
    "": {
      "name": "my-react-app",
      "version": "0.1.0",
      "dependencies": {
        "react": "^19.0.0",
        "react-dom": "^19.0.0"
      }
    },
    "node_modules/js-tokens": {
      "version": "4.0.0",
      "resolved": "https://npmjs.org",
      "integrity": "sha512-RdJUflcE37Gmz7VXlkW0b7xf1PAqNH92W9DeltaEOCerGv9W68jwg99RkvERG965W3c5FTz245+nKCW62rBAA=="
    },
    "node_modules/react": {
      "version": "19.0.0",
      "resolved": "https://npmjs.org",
      "integrity": "sha512-V8Y765...==",
      "dependencies": {
        "js-tokens": "^4.0.0"
      },
      "engines": {
        "node": ">=0.10.0"
      }
    },
    "node_modules/react-dom": {
      "version": "19.0.0",
      "resolved": "https://npmjs.org",
      "integrity": "sha512-Y12345...==",
      "dependencies": {
        "js-tokens": "^4.0.0",
        "react": "^19.0.0"
      },
      "peerDependencies": {
        "react": "^19.0.0"
      }
    }
  }
}
